
Microsoft Visual Studio Solution File, Format Version 12.00
# Visual Studio Version 17
VisualStudioVersion = 17.11.35312.102
MinimumVisualStudioVersion = 10.0.40219.1
Project("{FAE04EC0-301F-11D3-BF4B-00C04F79EFBC}") = "MobileCalculator", "MobileCalculator.csproj", "{DE54A3BC-BCED-4E67-BE93-63B815C37D36}"
EndProject
Global
	GlobalSection(SolutionConfigurationPlatforms) = preSolution
		Debug|Any CPU = Debug|Any CPU
		Release|Any CPU = Release|Any CPU
	EndGlobalSection
	GlobalSection(ProjectConfigurationPlatforms) = postSolution
		{DE54A3BC-BCED-4E67-BE93-63B815C37D36}.Debug|Any CPU.ActiveCfg = Debug|Any CPU
		{DE54A3BC-BCED-4E67-BE93-63B815C37D36}.Debug|Any CPU.Build.0 = Debug|Any CPU
		{DE54A3BC-BCED-4E67-BE93-63B815C37D36}.Debug|Any CPU.Deploy.0 = Debug|Any CPU
		{DE54A3BC-BCED-4E67-BE93-63B815C37D36}.Release|Any CPU.ActiveCfg = Release|Any CPU
		{DE54A3BC-BCED-4E67-BE93-63B815C37D36}.Release|Any CPU.Build.0 = Release|Any CPU
		{DE54A3BC-BCED-4E67-BE93-63B815C37D36}.Release|Any CPU.Deploy.0 = Release|Any CPU
	EndGlobalSection
	GlobalSection(SolutionProperties) = preSolution
		HideSolutionNode = FALSE
	EndGlobalSection
	GlobalSection(ExtensibilityGlobals) = postSolution
		SolutionGuid = {126848DC-E673-4943-8602-453295295FED}
	EndGlobalSection
EndGlobal
